
Microsoft Visual Studio Solution File, Format Version 12.00
# Visual Studio Version 17
VisualStudioVersion = 17.14.36212.18
MinimumVisualStudioVersion = 10.0.40219.1
Project("{2150E333-8FDC-42A3-9474-1A3956D46DE8}") = "src", "src", "{02EA681E-C7D8-13C7-8484-4AC65E1B71E8}"
EndProject
Project("{2150E333-8FDC-42A3-9474-1A3956D46DE8}") = "Libraries", "Libraries", "{368AB32C-754E-48A8-9961-B43EBFAA039C}"
EndProject
Project("{FAE04EC0-301F-11D3-BF4B-00C04F79EFBC}") = "Muhasebe.Domain", "src\Libraries\Muhasebe.Domain\Muhasebe.Domain.csproj", "{A9F68213-D9CE-731E-133B-460CB49D47C0}"
EndProject
Project("{FAE04EC0-301F-11D3-BF4B-00C04F79EFBC}") = "Muhasebe.Data", "src\Libraries\Muhasebe.Data\Muhasebe.Data.csproj", "{34F141AB-F0A4-EC4E-CC6A-A40506DECCAE}"
EndProject
Project("{FAE04EC0-301F-11D3-BF4B-00C04F79EFBC}") = "Muhasebe.Business", "src\Libraries\Muhasebe.Business\Muhasebe.Business.csproj", "{007B24FC-9827-A70D-F302-7D10498812C0}"
EndProject
Project("{FAE04EC0-301F-11D3-BF4B-00C04F79EFBC}") = "MuhasibPro.Core", "src\MuhasibPro.Core\MuhasibPro.Core.csproj", "{67E5AC15-B181-A7FD-7FAC-93D024EBC46F}"
EndProject
Project("{FAE04EC0-301F-11D3-BF4B-00C04F79EFBC}") = "MuhasibPro.ViewModels", "src\MuhasibPro.ViewModels\MuhasibPro.ViewModels.csproj", "{97D222C3-D19A-7EDA-C833-277399E0E34A}"
EndProject
Project("{FAE04EC0-301F-11D3-BF4B-00C04F79EFBC}") = "MuhasibPro", "src\MuhasibPro\MuhasibPro.csproj", "{9451BD5A-0EB3-DDA0-9C91-F3F3EDBB8F30}"
EndProject
Project("{C7167F0D-BC9F-4E6E-AFE1-012C56B48DB5}") = "MuhasibProWap", "src\MuhasibProWap\MuhasibProWap.wapproj", "{2F31CA8A-1616-4D7D-89C5-28660126423D}"
EndProject
Global
	GlobalSection(SolutionConfigurationPlatforms) = preSolution
		Debug|Any CPU = Debug|Any CPU
		Debug|ARM64 = Debug|ARM64
		Debug|x64 = Debug|x64
		Debug|x86 = Debug|x86
		Release|Any CPU = Release|Any CPU
		Release|ARM64 = Release|ARM64
		Release|x64 = Release|x64
		Release|x86 = Release|x86
	EndGlobalSection
	GlobalSection(ProjectConfigurationPlatforms) = postSolution
		{A9F68213-D9CE-731E-133B-460CB49D47C0}.Debug|Any CPU.ActiveCfg = Debug|Any CPU
		{A9F68213-D9CE-731E-133B-460CB49D47C0}.Debug|Any CPU.Build.0 = Debug|Any CPU
		{A9F68213-D9CE-731E-133B-460CB49D47C0}.Debug|ARM64.ActiveCfg = Debug|Any CPU
		{A9F68213-D9CE-731E-133B-460CB49D47C0}.Debug|ARM64.Build.0 = Debug|Any CPU
		{A9F68213-D9CE-731E-133B-460CB49D47C0}.Debug|x64.ActiveCfg = Debug|Any CPU
		{A9F68213-D9CE-731E-133B-460CB49D47C0}.Debug|x64.Build.0 = Debug|Any CPU
		{A9F68213-D9CE-731E-133B-460CB49D47C0}.Debug|x86.ActiveCfg = Debug|Any CPU
		{A9F68213-D9CE-731E-133B-460CB49D47C0}.Debug|x86.Build.0 = Debug|Any CPU
		{A9F68213-D9CE-731E-133B-460CB49D47C0}.Release|Any CPU.ActiveCfg = Release|Any CPU
		{A9F68213-D9CE-731E-133B-460CB49D47C0}.Release|Any CPU.Build.0 = Release|Any CPU
		{A9F68213-D9CE-731E-133B-460CB49D47C0}.Release|ARM64.ActiveCfg = Release|Any CPU
		{A9F68213-D9CE-731E-133B-460CB49D47C0}.Release|ARM64.Build.0 = Release|Any CPU
		{A9F68213-D9CE-731E-133B-460CB49D47C0}.Release|x64.ActiveCfg = Release|Any CPU
		{A9F68213-D9CE-731E-133B-460CB49D47C0}.Release|x64.Build.0 = Release|Any CPU
		{A9F68213-D9CE-731E-133B-460CB49D47C0}.Release|x86.ActiveCfg = Release|Any CPU
		{A9F68213-D9CE-731E-133B-460CB49D47C0}.Release|x86.Build.0 = Release|Any CPU
		{34F141AB-F0A4-EC4E-CC6A-A40506DECCAE}.Debug|Any CPU.ActiveCfg = Debug|Any CPU
		{34F141AB-F0A4-EC4E-CC6A-A40506DECCAE}.Debug|Any CPU.Build.0 = Debug|Any CPU
		{34F141AB-F0A4-EC4E-CC6A-A40506DECCAE}.Debug|ARM64.ActiveCfg = Debug|Any CPU
		{34F141AB-F0A4-EC4E-CC6A-A40506DECCAE}.Debug|ARM64.Build.0 = Debug|Any CPU
		{34F141AB-F0A4-EC4E-CC6A-A40506DECCAE}.Debug|x64.ActiveCfg = Debug|Any CPU
		{34F141AB-F0A4-EC4E-CC6A-A40506DECCAE}.Debug|x64.Build.0 = Debug|Any CPU
		{34F141AB-F0A4-EC4E-CC6A-A40506DECCAE}.Debug|x86.ActiveCfg = Debug|Any CPU
		{34F141AB-F0A4-EC4E-CC6A-A40506DECCAE}.Debug|x86.Build.0 = Debug|Any CPU
		{34F141AB-F0A4-EC4E-CC6A-A40506DECCAE}.Release|Any CPU.ActiveCfg = Release|Any CPU
		{34F141AB-F0A4-EC4E-CC6A-A40506DECCAE}.Release|Any CPU.Build.0 = Release|Any CPU
		{34F141AB-F0A4-EC4E-CC6A-A40506DECCAE}.Release|ARM64.ActiveCfg = Release|Any CPU
		{34F141AB-F0A4-EC4E-CC6A-A40506DECCAE}.Release|ARM64.Build.0 = Release|Any CPU
		{34F141AB-F0A4-EC4E-CC6A-A40506DECCAE}.Release|x64.ActiveCfg = Release|Any CPU
		{34F141AB-F0A4-EC4E-CC6A-A40506DECCAE}.Release|x64.Build.0 = Release|Any CPU
		{34F141AB-F0A4-EC4E-CC6A-A40506DECCAE}.Release|x86.ActiveCfg = Release|Any CPU
		{34F141AB-F0A4-EC4E-CC6A-A40506DECCAE}.Release|x86.Build.0 = Release|Any CPU
		{007B24FC-9827-A70D-F302-7D10498812C0}.Debug|Any CPU.ActiveCfg = Debug|Any CPU
		{007B24FC-9827-A70D-F302-7D10498812C0}.Debug|Any CPU.Build.0 = Debug|Any CPU
		{007B24FC-9827-A70D-F302-7D10498812C0}.Debug|ARM64.ActiveCfg = Debug|Any CPU
		{007B24FC-9827-A70D-F302-7D10498812C0}.Debug|ARM64.Build.0 = Debug|Any CPU
		{007B24FC-9827-A70D-F302-7D10498812C0}.Debug|x64.ActiveCfg = Debug|Any CPU
		{007B24FC-9827-A70D-F302-7D10498812C0}.Debug|x64.Build.0 = Debug|Any CPU
		{007B24FC-9827-A70D-F302-7D10498812C0}.Debug|x86.ActiveCfg = Debug|Any CPU
		{007B24FC-9827-A70D-F302-7D10498812C0}.Debug|x86.Build.0 = Debug|Any CPU
		{007B24FC-9827-A70D-F302-7D10498812C0}.Release|Any CPU.ActiveCfg = Release|Any CPU
		{007B24FC-9827-A70D-F302-7D10498812C0}.Release|Any CPU.Build.0 = Release|Any CPU
		{007B24FC-9827-A70D-F302-7D10498812C0}.Release|ARM64.ActiveCfg = Release|Any CPU
		{007B24FC-9827-A70D-F302-7D10498812C0}.Release|ARM64.Build.0 = Release|Any CPU
		{007B24FC-9827-A70D-F302-7D10498812C0}.Release|x64.ActiveCfg = Release|Any CPU
		{007B24FC-9827-A70D-F302-7D10498812C0}.Release|x64.Build.0 = Release|Any CPU
		{007B24FC-9827-A70D-F302-7D10498812C0}.Release|x86.ActiveCfg = Release|Any CPU
		{007B24FC-9827-A70D-F302-7D10498812C0}.Release|x86.Build.0 = Release|Any CPU
		{67E5AC15-B181-A7FD-7FAC-93D024EBC46F}.Debug|Any CPU.ActiveCfg = Debug|Any CPU
		{67E5AC15-B181-A7FD-7FAC-93D024EBC46F}.Debug|Any CPU.Build.0 = Debug|Any CPU
		{67E5AC15-B181-A7FD-7FAC-93D024EBC46F}.Debug|ARM64.ActiveCfg = Debug|Any CPU
		{67E5AC15-B181-A7FD-7FAC-93D024EBC46F}.Debug|ARM64.Build.0 = Debug|Any CPU
		{67E5AC15-B181-A7FD-7FAC-93D024EBC46F}.Debug|x64.ActiveCfg = Debug|Any CPU
		{67E5AC15-B181-A7FD-7FAC-93D024EBC46F}.Debug|x64.Build.0 = Debug|Any CPU
		{67E5AC15-B181-A7FD-7FAC-93D024EBC46F}.Debug|x86.ActiveCfg = Debug|Any CPU
		{67E5AC15-B181-A7FD-7FAC-93D024EBC46F}.Debug|x86.Build.0 = Debug|Any CPU
		{67E5AC15-B181-A7FD-7FAC-93D024EBC46F}.Release|Any CPU.ActiveCfg = Release|Any CPU
		{67E5AC15-B181-A7FD-7FAC-93D024EBC46F}.Release|Any CPU.Build.0 = Release|Any CPU
		{67E5AC15-B181-A7FD-7FAC-93D024EBC46F}.Release|ARM64.ActiveCfg = Release|Any CPU
		{67E5AC15-B181-A7FD-7FAC-93D024EBC46F}.Release|ARM64.Build.0 = Release|Any CPU
		{67E5AC15-B181-A7FD-7FAC-93D024EBC46F}.Release|x64.ActiveCfg = Release|Any CPU
		{67E5AC15-B181-A7FD-7FAC-93D024EBC46F}.Release|x64.Build.0 = Release|Any CPU
		{67E5AC15-B181-A7FD-7FAC-93D024EBC46F}.Release|x86.ActiveCfg = Release|Any CPU
		{67E5AC15-B181-A7FD-7FAC-93D024EBC46F}.Release|x86.Build.0 = Release|Any CPU
		{97D222C3-D19A-7EDA-C833-277399E0E34A}.Debug|Any CPU.ActiveCfg = Debug|Any CPU
		{97D222C3-D19A-7EDA-C833-277399E0E34A}.Debug|Any CPU.Build.0 = Debug|Any CPU
		{97D222C3-D19A-7EDA-C833-277399E0E34A}.Debug|ARM64.ActiveCfg = Debug|Any CPU
		{97D222C3-D19A-7EDA-C833-277399E0E34A}.Debug|ARM64.Build.0 = Debug|Any CPU
		{97D222C3-D19A-7EDA-C833-277399E0E34A}.Debug|x64.ActiveCfg = Debug|Any CPU
		{97D222C3-D19A-7EDA-C833-277399E0E34A}.Debug|x64.Build.0 = Debug|Any CPU
		{97D222C3-D19A-7EDA-C833-277399E0E34A}.Debug|x86.ActiveCfg = Debug|Any CPU
		{97D222C3-D19A-7EDA-C833-277399E0E34A}.Debug|x86.Build.0 = Debug|Any CPU
		{97D222C3-D19A-7EDA-C833-277399E0E34A}.Release|Any CPU.ActiveCfg = Release|Any CPU
		{97D222C3-D19A-7EDA-C833-277399E0E34A}.Release|Any CPU.Build.0 = Release|Any CPU
		{97D222C3-D19A-7EDA-C833-277399E0E34A}.Release|ARM64.ActiveCfg = Release|Any CPU
		{97D222C3-D19A-7EDA-C833-277399E0E34A}.Release|ARM64.Build.0 = Release|Any CPU
		{97D222C3-D19A-7EDA-C833-277399E0E34A}.Release|x64.ActiveCfg = Release|Any CPU
		{97D222C3-D19A-7EDA-C833-277399E0E34A}.Release|x64.Build.0 = Release|Any CPU
		{97D222C3-D19A-7EDA-C833-277399E0E34A}.Release|x86.ActiveCfg = Release|Any CPU
		{97D222C3-D19A-7EDA-C833-277399E0E34A}.Release|x86.Build.0 = Release|Any CPU
		{9451BD5A-0EB3-DDA0-9C91-F3F3EDBB8F30}.Debug|Any CPU.ActiveCfg = Debug|x64
		{9451BD5A-0EB3-DDA0-9C91-F3F3EDBB8F30}.Debug|Any CPU.Build.0 = Debug|x64
		{9451BD5A-0EB3-DDA0-9C91-F3F3EDBB8F30}.Debug|ARM64.ActiveCfg = Debug|ARM64
		{9451BD5A-0EB3-DDA0-9C91-F3F3EDBB8F30}.Debug|ARM64.Build.0 = Debug|ARM64
		{9451BD5A-0EB3-DDA0-9C91-F3F3EDBB8F30}.Debug|x64.ActiveCfg = Debug|x64
		{9451BD5A-0EB3-DDA0-9C91-F3F3EDBB8F30}.Debug|x64.Build.0 = Debug|x64
		{9451BD5A-0EB3-DDA0-9C91-F3F3EDBB8F30}.Debug|x86.ActiveCfg = Debug|x86
		{9451BD5A-0EB3-DDA0-9C91-F3F3EDBB8F30}.Debug|x86.Build.0 = Debug|x86
		{9451BD5A-0EB3-DDA0-9C91-F3F3EDBB8F30}.Release|Any CPU.ActiveCfg = Release|x64
		{9451BD5A-0EB3-DDA0-9C91-F3F3EDBB8F30}.Release|Any CPU.Build.0 = Release|x64
		{9451BD5A-0EB3-DDA0-9C91-F3F3EDBB8F30}.Release|ARM64.ActiveCfg = Release|ARM64
		{9451BD5A-0EB3-DDA0-9C91-F3F3EDBB8F30}.Release|ARM64.Build.0 = Release|ARM64
		{9451BD5A-0EB3-DDA0-9C91-F3F3EDBB8F30}.Release|x64.ActiveCfg = Release|x64
		{9451BD5A-0EB3-DDA0-9C91-F3F3EDBB8F30}.Release|x64.Build.0 = Release|x64
		{9451BD5A-0EB3-DDA0-9C91-F3F3EDBB8F30}.Release|x86.ActiveCfg = Release|x86
		{9451BD5A-0EB3-DDA0-9C91-F3F3EDBB8F30}.Release|x86.Build.0 = Release|x86
		{2F31CA8A-1616-4D7D-89C5-28660126423D}.Debug|Any CPU.ActiveCfg = Debug|x64
		{2F31CA8A-1616-4D7D-89C5-28660126423D}.Debug|Any CPU.Build.0 = Debug|x64
		{2F31CA8A-1616-4D7D-89C5-28660126423D}.Debug|Any CPU.Deploy.0 = Debug|x64
		{2F31CA8A-1616-4D7D-89C5-28660126423D}.Debug|ARM64.ActiveCfg = Debug|ARM64
		{2F31CA8A-1616-4D7D-89C5-28660126423D}.Debug|ARM64.Build.0 = Debug|ARM64
		{2F31CA8A-1616-4D7D-89C5-28660126423D}.Debug|ARM64.Deploy.0 = Debug|ARM64
		{2F31CA8A-1616-4D7D-89C5-28660126423D}.Debug|x64.ActiveCfg = Debug|x64
		{2F31CA8A-1616-4D7D-89C5-28660126423D}.Debug|x64.Build.0 = Debug|x64
		{2F31CA8A-1616-4D7D-89C5-28660126423D}.Debug|x64.Deploy.0 = Debug|x64
		{2F31CA8A-1616-4D7D-89C5-28660126423D}.Debug|x86.ActiveCfg = Debug|x86
		{2F31CA8A-1616-4D7D-89C5-28660126423D}.Debug|x86.Build.0 = Debug|x86
		{2F31CA8A-1616-4D7D-89C5-28660126423D}.Debug|x86.Deploy.0 = Debug|x86
		{2F31CA8A-1616-4D7D-89C5-28660126423D}.Release|Any CPU.ActiveCfg = Release|x64
		{2F31CA8A-1616-4D7D-89C5-28660126423D}.Release|Any CPU.Build.0 = Release|x64
		{2F31CA8A-1616-4D7D-89C5-28660126423D}.Release|Any CPU.Deploy.0 = Release|x64
		{2F31CA8A-1616-4D7D-89C5-28660126423D}.Release|ARM64.ActiveCfg = Release|ARM64
		{2F31CA8A-1616-4D7D-89C5-28660126423D}.Release|ARM64.Build.0 = Release|ARM64
		{2F31CA8A-1616-4D7D-89C5-28660126423D}.Release|ARM64.Deploy.0 = Release|ARM64
		{2F31CA8A-1616-4D7D-89C5-28660126423D}.Release|x64.ActiveCfg = Release|x64
		{2F31CA8A-1616-4D7D-89C5-28660126423D}.Release|x64.Build.0 = Release|x64
		{2F31CA8A-1616-4D7D-89C5-28660126423D}.Release|x64.Deploy.0 = Release|x64
		{2F31CA8A-1616-4D7D-89C5-28660126423D}.Release|x86.ActiveCfg = Release|x86
		{2F31CA8A-1616-4D7D-89C5-28660126423D}.Release|x86.Build.0 = Release|x86
		{2F31CA8A-1616-4D7D-89C5-28660126423D}.Release|x86.Deploy.0 = Release|x86
	EndGlobalSection
	GlobalSection(SolutionProperties) = preSolution
		HideSolutionNode = FALSE
	EndGlobalSection
	GlobalSection(NestedProjects) = preSolution
		{368AB32C-754E-48A8-9961-B43EBFAA039C} = {02EA681E-C7D8-13C7-8484-4AC65E1B71E8}
		{A9F68213-D9CE-731E-133B-460CB49D47C0} = {368AB32C-754E-48A8-9961-B43EBFAA039C}
		{34F141AB-F0A4-EC4E-CC6A-A40506DECCAE} = {368AB32C-754E-48A8-9961-B43EBFAA039C}
		{007B24FC-9827-A70D-F302-7D10498812C0} = {368AB32C-754E-48A8-9961-B43EBFAA039C}
		{67E5AC15-B181-A7FD-7FAC-93D024EBC46F} = {02EA681E-C7D8-13C7-8484-4AC65E1B71E8}
		{97D222C3-D19A-7EDA-C833-277399E0E34A} = {02EA681E-C7D8-13C7-8484-4AC65E1B71E8}
		{9451BD5A-0EB3-DDA0-9C91-F3F3EDBB8F30} = {02EA681E-C7D8-13C7-8484-4AC65E1B71E8}
		{2F31CA8A-1616-4D7D-89C5-28660126423D} = {02EA681E-C7D8-13C7-8484-4AC65E1B71E8}
	EndGlobalSection
	GlobalSection(ExtensibilityGlobals) = postSolution
		SolutionGuid = {DFDBBE4B-8D28-4DA7-AD1A-81690D43EAE9}
	EndGlobalSection
EndGlobal
