
Microsoft Visual Studio Solution File, Format Version 12.00
# Visual Studio Version 17
VisualStudioVersion = 17.11.35208.52
MinimumVisualStudioVersion = 10.0.40219.1
Project("{2150E333-8FDC-42A3-9474-1A3956D46DE8}") = "src", "src", "{B082F293-9900-45AE-AFF8-C744137A863D}"
	ProjectSection(SolutionItems) = preProject
		ChangeLog = ChangeLog
	EndProjectSection
EndProject
Project("{FAE04EC0-301F-11D3-BF4B-00C04F79EFBC}") = "MuhasibPro", "src\MuhasibPro\MuhasibPro.csproj", "{FC0D3C52-4DA1-4B10-B94F-FB97BD619ECF}"
EndProject
Project("{FAE04EC0-301F-11D3-BF4B-00C04F79EFBC}") = "MuhasibPro.Core", "src\MuhasibPro.Core\MuhasibPro.Core.csproj", "{DFAEF777-002F-41E8-AAA8-6FBE9D13BFDC}"
EndProject
Project("{2150E333-8FDC-42A3-9474-1A3956D46DE8}") = "Libraries", "Libraries", "{02EA681E-C7D8-13C7-8484-4AC65E1B71E8}"
EndProject
Project("{FAE04EC0-301F-11D3-BF4B-00C04F79EFBC}") = "Muhasebe.Domain", "src\Libraries\Muhasebe.Domain\Muhasebe.Domain.csproj", "{D13395A7-0ACE-40D6-8823-A30569181513}"
EndProject
Project("{FAE04EC0-301F-11D3-BF4B-00C04F79EFBC}") = "Muhasebe.Data", "src\Libraries\Muhasebe.Data\Muhasebe.Data.csproj", "{6397C9AF-9EB2-4D80-9763-215B3AADA677}"
EndProject
Project("{FAE04EC0-301F-11D3-BF4B-00C04F79EFBC}") = "Muhasebe.Business", "src\Libraries\Muhasebe.Business\Muhasebe.Business.csproj", "{F3C00EF6-462C-4FE5-8EEB-DE91BF1FF4AE}"
EndProject
Project("{FAE04EC0-301F-11D3-BF4B-00C04F79EFBC}") = "MuhasibPro.ViewModels", "src\MuhasibPro.ViewModels\MuhasibPro.ViewModels.csproj", "{1CDF073D-93FC-4620-9C9C-4D430B4C240A}"
EndProject
Global
	GlobalSection(SolutionConfigurationPlatforms) = preSolution
		Debug|ARM64 = Debug|ARM64
		Debug|x64 = Debug|x64
		Debug|x86 = Debug|x86
		Release|ARM64 = Release|ARM64
		Release|x64 = Release|x64
		Release|x86 = Release|x86
	EndGlobalSection
	GlobalSection(ProjectConfigurationPlatforms) = postSolution
		{FC0D3C52-4DA1-4B10-B94F-FB97BD619ECF}.Debug|ARM64.ActiveCfg = Debug|ARM64
		{FC0D3C52-4DA1-4B10-B94F-FB97BD619ECF}.Debug|ARM64.Build.0 = Debug|ARM64
		{FC0D3C52-4DA1-4B10-B94F-FB97BD619ECF}.Debug|ARM64.Deploy.0 = Debug|ARM64
		{FC0D3C52-4DA1-4B10-B94F-FB97BD619ECF}.Debug|x64.ActiveCfg = Debug|x64
		{FC0D3C52-4DA1-4B10-B94F-FB97BD619ECF}.Debug|x64.Build.0 = Debug|x64
		{FC0D3C52-4DA1-4B10-B94F-FB97BD619ECF}.Debug|x64.Deploy.0 = Debug|x64
		{FC0D3C52-4DA1-4B10-B94F-FB97BD619ECF}.Debug|x86.ActiveCfg = Debug|x86
		{FC0D3C52-4DA1-4B10-B94F-FB97BD619ECF}.Debug|x86.Build.0 = Debug|x86
		{FC0D3C52-4DA1-4B10-B94F-FB97BD619ECF}.Debug|x86.Deploy.0 = Debug|x86
		{FC0D3C52-4DA1-4B10-B94F-FB97BD619ECF}.Release|ARM64.ActiveCfg = Release|ARM64
		{FC0D3C52-4DA1-4B10-B94F-FB97BD619ECF}.Release|ARM64.Build.0 = Release|ARM64
		{FC0D3C52-4DA1-4B10-B94F-FB97BD619ECF}.Release|ARM64.Deploy.0 = Release|ARM64
		{FC0D3C52-4DA1-4B10-B94F-FB97BD619ECF}.Release|x64.ActiveCfg = Release|x64
		{FC0D3C52-4DA1-4B10-B94F-FB97BD619ECF}.Release|x64.Build.0 = Release|x64
		{FC0D3C52-4DA1-4B10-B94F-FB97BD619ECF}.Release|x64.Deploy.0 = Release|x64
		{FC0D3C52-4DA1-4B10-B94F-FB97BD619ECF}.Release|x86.ActiveCfg = Release|x86
		{FC0D3C52-4DA1-4B10-B94F-FB97BD619ECF}.Release|x86.Build.0 = Release|x86
		{FC0D3C52-4DA1-4B10-B94F-FB97BD619ECF}.Release|x86.Deploy.0 = Release|x86
		{DFAEF777-002F-41E8-AAA8-6FBE9D13BFDC}.Debug|ARM64.ActiveCfg = Debug|Any CPU
		{DFAEF777-002F-41E8-AAA8-6FBE9D13BFDC}.Debug|ARM64.Build.0 = Debug|Any CPU
		{DFAEF777-002F-41E8-AAA8-6FBE9D13BFDC}.Debug|x64.ActiveCfg = Debug|Any CPU
		{DFAEF777-002F-41E8-AAA8-6FBE9D13BFDC}.Debug|x64.Build.0 = Debug|Any CPU
		{DFAEF777-002F-41E8-AAA8-6FBE9D13BFDC}.Debug|x86.ActiveCfg = Debug|Any CPU
		{DFAEF777-002F-41E8-AAA8-6FBE9D13BFDC}.Debug|x86.Build.0 = Debug|Any CPU
		{DFAEF777-002F-41E8-AAA8-6FBE9D13BFDC}.Release|ARM64.ActiveCfg = Release|Any CPU
		{DFAEF777-002F-41E8-AAA8-6FBE9D13BFDC}.Release|ARM64.Build.0 = Release|Any CPU
		{DFAEF777-002F-41E8-AAA8-6FBE9D13BFDC}.Release|x64.ActiveCfg = Release|Any CPU
		{DFAEF777-002F-41E8-AAA8-6FBE9D13BFDC}.Release|x64.Build.0 = Release|Any CPU
		{DFAEF777-002F-41E8-AAA8-6FBE9D13BFDC}.Release|x86.ActiveCfg = Release|Any CPU
		{DFAEF777-002F-41E8-AAA8-6FBE9D13BFDC}.Release|x86.Build.0 = Release|Any CPU
		{D13395A7-0ACE-40D6-8823-A30569181513}.Debug|ARM64.ActiveCfg = Debug|Any CPU
		{D13395A7-0ACE-40D6-8823-A30569181513}.Debug|ARM64.Build.0 = Debug|Any CPU
		{D13395A7-0ACE-40D6-8823-A30569181513}.Debug|x64.ActiveCfg = Debug|Any CPU
		{D13395A7-0ACE-40D6-8823-A30569181513}.Debug|x64.Build.0 = Debug|Any CPU
		{D13395A7-0ACE-40D6-8823-A30569181513}.Debug|x86.ActiveCfg = Debug|Any CPU
		{D13395A7-0ACE-40D6-8823-A30569181513}.Debug|x86.Build.0 = Debug|Any CPU
		{D13395A7-0ACE-40D6-8823-A30569181513}.Release|ARM64.ActiveCfg = Release|Any CPU
		{D13395A7-0ACE-40D6-8823-A30569181513}.Release|ARM64.Build.0 = Release|Any CPU
		{D13395A7-0ACE-40D6-8823-A30569181513}.Release|x64.ActiveCfg = Release|Any CPU
		{D13395A7-0ACE-40D6-8823-A30569181513}.Release|x64.Build.0 = Release|Any CPU
		{D13395A7-0ACE-40D6-8823-A30569181513}.Release|x86.ActiveCfg = Release|Any CPU
		{D13395A7-0ACE-40D6-8823-A30569181513}.Release|x86.Build.0 = Release|Any CPU
		{6397C9AF-9EB2-4D80-9763-215B3AADA677}.Debug|ARM64.ActiveCfg = Debug|Any CPU
		{6397C9AF-9EB2-4D80-9763-215B3AADA677}.Debug|ARM64.Build.0 = Debug|Any CPU
		{6397C9AF-9EB2-4D80-9763-215B3AADA677}.Debug|x64.ActiveCfg = Debug|Any CPU
		{6397C9AF-9EB2-4D80-9763-215B3AADA677}.Debug|x64.Build.0 = Debug|Any CPU
		{6397C9AF-9EB2-4D80-9763-215B3AADA677}.Debug|x86.ActiveCfg = Debug|Any CPU
		{6397C9AF-9EB2-4D80-9763-215B3AADA677}.Debug|x86.Build.0 = Debug|Any CPU
		{6397C9AF-9EB2-4D80-9763-215B3AADA677}.Release|ARM64.ActiveCfg = Release|Any CPU
		{6397C9AF-9EB2-4D80-9763-215B3AADA677}.Release|ARM64.Build.0 = Release|Any CPU
		{6397C9AF-9EB2-4D80-9763-215B3AADA677}.Release|x64.ActiveCfg = Release|Any CPU
		{6397C9AF-9EB2-4D80-9763-215B3AADA677}.Release|x64.Build.0 = Release|Any CPU
		{6397C9AF-9EB2-4D80-9763-215B3AADA677}.Release|x86.ActiveCfg = Release|Any CPU
		{6397C9AF-9EB2-4D80-9763-215B3AADA677}.Release|x86.Build.0 = Release|Any CPU
		{F3C00EF6-462C-4FE5-8EEB-DE91BF1FF4AE}.Debug|ARM64.ActiveCfg = Debug|Any CPU
		{F3C00EF6-462C-4FE5-8EEB-DE91BF1FF4AE}.Debug|ARM64.Build.0 = Debug|Any CPU
		{F3C00EF6-462C-4FE5-8EEB-DE91BF1FF4AE}.Debug|x64.ActiveCfg = Debug|Any CPU
		{F3C00EF6-462C-4FE5-8EEB-DE91BF1FF4AE}.Debug|x64.Build.0 = Debug|Any CPU
		{F3C00EF6-462C-4FE5-8EEB-DE91BF1FF4AE}.Debug|x86.ActiveCfg = Debug|Any CPU
		{F3C00EF6-462C-4FE5-8EEB-DE91BF1FF4AE}.Debug|x86.Build.0 = Debug|Any CPU
		{F3C00EF6-462C-4FE5-8EEB-DE91BF1FF4AE}.Release|ARM64.ActiveCfg = Release|Any CPU
		{F3C00EF6-462C-4FE5-8EEB-DE91BF1FF4AE}.Release|ARM64.Build.0 = Release|Any CPU
		{F3C00EF6-462C-4FE5-8EEB-DE91BF1FF4AE}.Release|x64.ActiveCfg = Release|Any CPU
		{F3C00EF6-462C-4FE5-8EEB-DE91BF1FF4AE}.Release|x64.Build.0 = Release|Any CPU
		{F3C00EF6-462C-4FE5-8EEB-DE91BF1FF4AE}.Release|x86.ActiveCfg = Release|Any CPU
		{F3C00EF6-462C-4FE5-8EEB-DE91BF1FF4AE}.Release|x86.Build.0 = Release|Any CPU
		{1CDF073D-93FC-4620-9C9C-4D430B4C240A}.Debug|ARM64.ActiveCfg = Debug|Any CPU
		{1CDF073D-93FC-4620-9C9C-4D430B4C240A}.Debug|ARM64.Build.0 = Debug|Any CPU
		{1CDF073D-93FC-4620-9C9C-4D430B4C240A}.Debug|x64.ActiveCfg = Debug|Any CPU
		{1CDF073D-93FC-4620-9C9C-4D430B4C240A}.Debug|x64.Build.0 = Debug|Any CPU
		{1CDF073D-93FC-4620-9C9C-4D430B4C240A}.Debug|x86.ActiveCfg = Debug|Any CPU
		{1CDF073D-93FC-4620-9C9C-4D430B4C240A}.Debug|x86.Build.0 = Debug|Any CPU
		{1CDF073D-93FC-4620-9C9C-4D430B4C240A}.Release|ARM64.ActiveCfg = Release|Any CPU
		{1CDF073D-93FC-4620-9C9C-4D430B4C240A}.Release|ARM64.Build.0 = Release|Any CPU
		{1CDF073D-93FC-4620-9C9C-4D430B4C240A}.Release|x64.ActiveCfg = Release|Any CPU
		{1CDF073D-93FC-4620-9C9C-4D430B4C240A}.Release|x64.Build.0 = Release|Any CPU
		{1CDF073D-93FC-4620-9C9C-4D430B4C240A}.Release|x86.ActiveCfg = Release|Any CPU
		{1CDF073D-93FC-4620-9C9C-4D430B4C240A}.Release|x86.Build.0 = Release|Any CPU
	EndGlobalSection
	GlobalSection(SolutionProperties) = preSolution
		HideSolutionNode = FALSE
	EndGlobalSection
	GlobalSection(NestedProjects) = preSolution
		{FC0D3C52-4DA1-4B10-B94F-FB97BD619ECF} = {B082F293-9900-45AE-AFF8-C744137A863D}
		{DFAEF777-002F-41E8-AAA8-6FBE9D13BFDC} = {B082F293-9900-45AE-AFF8-C744137A863D}
		{02EA681E-C7D8-13C7-8484-4AC65E1B71E8} = {B082F293-9900-45AE-AFF8-C744137A863D}
		{D13395A7-0ACE-40D6-8823-A30569181513} = {02EA681E-C7D8-13C7-8484-4AC65E1B71E8}
		{6397C9AF-9EB2-4D80-9763-215B3AADA677} = {02EA681E-C7D8-13C7-8484-4AC65E1B71E8}
		{F3C00EF6-462C-4FE5-8EEB-DE91BF1FF4AE} = {02EA681E-C7D8-13C7-8484-4AC65E1B71E8}
		{1CDF073D-93FC-4620-9C9C-4D430B4C240A} = {B082F293-9900-45AE-AFF8-C744137A863D}
	EndGlobalSection
	GlobalSection(ExtensibilityGlobals) = postSolution
		SolutionGuid = {E25E212E-AE88-41FC-AC20-13D49A5F9B68}
	EndGlobalSection
EndGlobal
